
Microsoft Visual Studio Solution File, Format Version 12.00
# Visual Studio 2012
Project("{FAE04EC0-301F-11D3-BF4B-00C04F79EFBC}") = "my_form", "my_form\my_form.csproj", "{9C4C17A2-D92B-4AC1-B453-9EE57DFBF4BA}"
EndProject
Global
	GlobalSection(SolutionConfigurationPlatforms) = preSolution
		Debug|Any CPU = Debug|Any CPU
		Release|Any CPU = Release|Any CPU
	EndGlobalSection
	GlobalSection(ProjectConfigurationPlatforms) = postSolution
		{9C4C17A2-D92B-4AC1-B453-9EE57DFBF4BA}.Debug|Any CPU.ActiveCfg = Debug|Any CPU
		{9C4C17A2-D92B-4AC1-B453-9EE57DFBF4BA}.Debug|Any CPU.Build.0 = Debug|Any CPU
		{9C4C17A2-D92B-4AC1-B453-9EE57DFBF4BA}.Release|Any CPU.ActiveCfg = Release|Any CPU
		{9C4C17A2-D92B-4AC1-B453-9EE57DFBF4BA}.Release|Any CPU.Build.0 = Release|Any CPU
	EndGlobalSection
	GlobalSection(SolutionProperties) = preSolution
		HideSolutionNode = FALSE
	EndGlobalSection
EndGlobal
